// !$*UTF8*$!
{
	archiveVersion = 1;
	classes = {
	};
	objectVersion = 77;
	objects = {

/* Begin PBXBuildFile section */
		D502A92A2F4BB1ED00FB2A56 /* AppDelegate.swift in Sources */ = {isa = PBXBuildFile; fileRef = D502A9292F4BB1ED00FB2A56 /* AppDelegate.swift */; };
		D502A92E2F4BB1ED00FB2A56 /* Main.html in Resources */ = {isa = PBXBuildFile; fileRef = D502A92C2F4BB1ED00FB2A56 /* Main.html */; };
		D502A9302F4BB1ED00FB2A56 /* Icon.png in Resources */ = {isa = PBXBuildFile; fileRef = D502A92F2F4BB1ED00FB2A56 /* Icon.png */; };
		D502A9322F4BB1ED00FB2A56 /* Style.css in Resources */ = {isa = PBXBuildFile; fileRef = D502A9312F4BB1ED00FB2A56 /* Style.css */; };
		D502A9342F4BB1ED00FB2A56 /* Script.js in Resources */ = {isa = PBXBuildFile; fileRef = D502A9332F4BB1ED00FB2A56 /* Script.js */; };
		D502A9362F4BB1ED00FB2A56 /* ViewController.swift in Sources */ = {isa = PBXBuildFile; fileRef = D502A9352F4BB1ED00FB2A56 /* ViewController.swift */; };
		D502A9392F4BB1ED00FB2A56 /* Main.storyboard in Resources */ = {isa = PBXBuildFile; fileRef = D502A9372F4BB1ED00FB2A56 /* Main.storyboard */; };
		D502A93B2F4BB1EE00FB2A56 /* Assets.xcassets in Resources */ = {isa = PBXBuildFile; fileRef = D502A93A2F4BB1EE00FB2A56 /* Assets.xcassets */; };
		D502A9422F4BB1EE00FB2A56 /* HeadingsMap Extension.appex in Embed Foundation Extensions */ = {isa = PBXBuildFile; fileRef = D502A9412F4BB1EE00FB2A56 /* HeadingsMap Extension.appex */; settings = {ATTRIBUTES = (RemoveHeadersOnCopy, ); }; };
		D502A9472F4BB1EE00FB2A56 /* SafariWebExtensionHandler.swift in Sources */ = {isa = PBXBuildFile; fileRef = D502A9462F4BB1EE00FB2A56 /* SafariWebExtensionHandler.swift */; };
		D502A95B2F4BB1FB00FB2A56 /* css in Resources */ = {isa = PBXBuildFile; fileRef = D502A9532F4BB1FB00FB2A56 /* css */; };
		D502A95C2F4BB1FB00FB2A56 /* html in Resources */ = {isa = PBXBuildFile; fileRef = D502A9542F4BB1FB00FB2A56 /* html */; };
		D502A95D2F4BB1FB00FB2A56 /* _metadata in Resources */ = {isa = PBXBuildFile; fileRef = D502A9552F4BB1FB00FB2A56 /* _metadata */; };
		D502A95E2F4BB1FB00FB2A56 /* icons in Resources */ = {isa = PBXBuildFile; fileRef = D502A9562F4BB1FB00FB2A56 /* icons */; };
		D502A95F2F4BB1FB00FB2A56 /* manifest.json in Resources */ = {isa = PBXBuildFile; fileRef = D502A9572F4BB1FB00FB2A56 /* manifest.json */; };
		D502A9602F4BB1FB00FB2A56 /* _locales in Resources */ = {isa = PBXBuildFile; fileRef = D502A9582F4BB1FB00FB2A56 /* _locales */; };
		D502A9612F4BB1FB00FB2A56 /* service-worker.js in Resources */ = {isa = PBXBuildFile; fileRef = D502A9592F4BB1FB00FB2A56 /* service-worker.js */; };
		D502A9622F4BB1FB00FB2A56 /* content_scripts in Resources */ = {isa = PBXBuildFile; fileRef = D502A95A2F4BB1FB00FB2A56 /* content_scripts */; };
/* End PBXBuildFile section */

/* Begin PBXContainerItemProxy section */
		D502A9432F4BB1EE00FB2A56 /* PBXContainerItemProxy */ = {
			isa = PBXContainerItemProxy;
			containerPortal = D502A91E2F4BB1ED00FB2A56 /* Project object */;
			proxyType = 1;
			remoteGlobalIDString = D502A9402F4BB1EE00FB2A56;
			remoteInfo = "HeadingsMap Extension";
		};
/* End PBXContainerItemProxy section */

/* Begin PBXCopyFilesBuildPhase section */
		D502A94E2F4BB1EE00FB2A56 /* Embed Foundation Extensions */ = {
			isa = PBXCopyFilesBuildPhase;
			buildActionMask = 2147483647;
			dstPath = "";
			dstSubfolderSpec = 13;
			files = (
				D502A9422F4BB1EE00FB2A56 /* HeadingsMap Extension.appex in Embed Foundation Extensions */,
			);
			name = "Embed Foundation Extensions";
			runOnlyForDeploymentPostprocessing = 0;
		};
/* End PBXCopyFilesBuildPhase section */

/* Begin PBXFileReference section */
		D502A9262F4BB1ED00FB2A56 /* HeadingsMap.app */ = {isa = PBXFileReference; explicitFileType = wrapper.application; includeInIndex = 0; path = HeadingsMap.app; sourceTree = BUILT_PRODUCTS_DIR; };
		D502A9292F4BB1ED00FB2A56 /* AppDelegate.swift */ = {isa = PBXFileReference; lastKnownFileType = sourcecode.swift; path = AppDelegate.swift; sourceTree = "<group>"; };
		D502A92D2F4BB1ED00FB2A56 /* Base */ = {isa = PBXFileReference; lastKnownFileType = text.html; name = Base; path = Base.lproj/Main.html; sourceTree = "<group>"; };
		D502A92F2F4BB1ED00FB2A56 /* Icon.png */ = {isa = PBXFileReference; lastKnownFileType = image.png; path = Icon.png; sourceTree = "<group>"; };
		D502A9312F4BB1ED00FB2A56 /* Style.css */ = {isa = PBXFileReference; lastKnownFileType = text.css; path = Style.css; sourceTree = "<group>"; };
		D502A9332F4BB1ED00FB2A56 /* Script.js */ = {isa = PBXFileReference; lastKnownFileType = sourcecode.javascript; path = Script.js; sourceTree = "<group>"; };
		D502A9352F4BB1ED00FB2A56 /* ViewController.swift */ = {isa = PBXFileReference; lastKnownFileType = sourcecode.swift; path = ViewController.swift; sourceTree = "<group>"; };
		D502A9382F4BB1ED00FB2A56 /* Base */ = {isa = PBXFileReference; lastKnownFileType = file.storyboard; name = Base; path = Base.lproj/Main.storyboard; sourceTree = "<group>"; };
		D502A93A2F4BB1EE00FB2A56 /* Assets.xcassets */ = {isa = PBXFileReference; lastKnownFileType = folder.assetcatalog; path = Assets.xcassets; sourceTree = "<group>"; };
		D502A93C2F4BB1EE00FB2A56 /* Info.plist */ = {isa = PBXFileReference; lastKnownFileType = text.plist.xml; path = Info.plist; sourceTree = "<group>"; };
		D502A9412F4BB1EE00FB2A56 /* HeadingsMap Extension.appex */ = {isa = PBXFileReference; explicitFileType = "wrapper.app-extension"; includeInIndex = 0; path = "HeadingsMap Extension.appex"; sourceTree = BUILT_PRODUCTS_DIR; };
		D502A9462F4BB1EE00FB2A56 /* SafariWebExtensionHandler.swift */ = {isa = PBXFileReference; lastKnownFileType = sourcecode.swift; path = SafariWebExtensionHandler.swift; sourceTree = "<group>"; };
		D502A9482F4BB1EE00FB2A56 /* Info.plist */ = {isa = PBXFileReference; lastKnownFileType = text.plist.xml; path = Info.plist; sourceTree = "<group>"; };
		D502A9532F4BB1FB00FB2A56 /* css */ = {isa = PBXFileReference; lastKnownFileType = folder; name = css; path = Resources/css; sourceTree = "<group>"; };
		D502A9542F4BB1FB00FB2A56 /* html */ = {isa = PBXFileReference; lastKnownFileType = folder; name = html; path = Resources/html; sourceTree = "<group>"; };
		D502A9552F4BB1FB00FB2A56 /* _metadata */ = {isa = PBXFileReference; lastKnownFileType = folder; name = _metadata; path = Resources/_metadata; sourceTree = "<group>"; };
		D502A9562F4BB1FB00FB2A56 /* icons */ = {isa = PBXFileReference; lastKnownFileType = folder; name = icons; path = Resources/icons; sourceTree = "<group>"; };
		D502A9572F4BB1FB00FB2A56 /* manifest.json */ = {isa = PBXFileReference; lastKnownFileType = text.json; name = manifest.json; path = Resources/manifest.json; sourceTree = "<group>"; };
		D502A9582F4BB1FB00FB2A56 /* _locales */ = {isa = PBXFileReference; lastKnownFileType = folder; name = _locales; path = Resources/_locales; sourceTree = "<group>"; };
		D502A9592F4BB1FB00FB2A56 /* service-worker.js */ = {isa = PBXFileReference; lastKnownFileType = sourcecode.javascript; name = "service-worker.js"; path = "Resources/service-worker.js"; sourceTree = "<group>"; };
		D502A95A2F4BB1FB00FB2A56 /* content_scripts */ = {isa = PBXFileReference; lastKnownFileType = folder; name = content_scripts; path = Resources/content_scripts; sourceTree = "<group>"; };
/* End PBXFileReference section */

/* Begin PBXFrameworksBuildPhase section */
		D502A9232F4BB1ED00FB2A56 /* Frameworks */ = {
			isa = PBXFrameworksBuildPhase;
			buildActionMask = 2147483647;
			files = (
			);
			runOnlyForDeploymentPostprocessing = 0;
		};
		D502A93E2F4BB1EE00FB2A56 /* Frameworks */ = {
			isa = PBXFrameworksBuildPhase;
			buildActionMask = 2147483647;
			files = (
			);
			runOnlyForDeploymentPostprocessing = 0;
		};
/* End PBXFrameworksBuildPhase section */

/* Begin PBXGroup section */
		D502A91D2F4BB1ED00FB2A56 = {
			isa = PBXGroup;
			children = (
				D502A9282F4BB1ED00FB2A56 /* HeadingsMap */,
				D502A9452F4BB1EE00FB2A56 /* HeadingsMap Extension */,
				D502A9272F4BB1ED00FB2A56 /* Products */,
			);
			sourceTree = "<group>";
		};
		D502A9272F4BB1ED00FB2A56 /* Products */ = {
			isa = PBXGroup;
			children = (
				D502A9262F4BB1ED00FB2A56 /* HeadingsMap.app */,
				D502A9412F4BB1EE00FB2A56 /* HeadingsMap Extension.appex */,
			);
			name = Products;
			sourceTree = "<group>";
		};
		D502A9282F4BB1ED00FB2A56 /* HeadingsMap */ = {
			isa = PBXGroup;
			children = (
				D502A9292F4BB1ED00FB2A56 /* AppDelegate.swift */,
				D502A9352F4BB1ED00FB2A56 /* ViewController.swift */,
				D502A9372F4BB1ED00FB2A56 /* Main.storyboard */,
				D502A93A2F4BB1EE00FB2A56 /* Assets.xcassets */,
				D502A93C2F4BB1EE00FB2A56 /* Info.plist */,
				D502A92B2F4BB1ED00FB2A56 /* Resources */,
			);
			path = HeadingsMap;
			sourceTree = "<group>";
		};
		D502A92B2F4BB1ED00FB2A56 /* Resources */ = {
			isa = PBXGroup;
			children = (
				D502A92C2F4BB1ED00FB2A56 /* Main.html */,
				D502A92F2F4BB1ED00FB2A56 /* Icon.png */,
				D502A9312F4BB1ED00FB2A56 /* Style.css */,
				D502A9332F4BB1ED00FB2A56 /* Script.js */,
			);
			path = Resources;
			sourceTree = "<group>";
		};
		D502A9452F4BB1EE00FB2A56 /* HeadingsMap Extension */ = {
			isa = PBXGroup;
			children = (
				D502A9522F4BB1EE00FB2A56 /* Resources */,
				D502A9462F4BB1EE00FB2A56 /* SafariWebExtensionHandler.swift */,
				D502A9482F4BB1EE00FB2A56 /* Info.plist */,
			);
			path = "HeadingsMap Extension";
			sourceTree = "<group>";
		};
		D502A9522F4BB1EE00FB2A56 /* Resources */ = {
			isa = PBXGroup;
			children = (
				D502A9532F4BB1FB00FB2A56 /* css */,
				D502A9542F4BB1FB00FB2A56 /* html */,
				D502A9552F4BB1FB00FB2A56 /* _metadata */,
				D502A9562F4BB1FB00FB2A56 /* icons */,
				D502A9572F4BB1FB00FB2A56 /* manifest.json */,
				D502A9582F4BB1FB00FB2A56 /* _locales */,
				D502A9592F4BB1FB00FB2A56 /* service-worker.js */,
				D502A95A2F4BB1FB00FB2A56 /* content_scripts */,
			);
			name = Resources;
			path = "HeadingsMap Extension";
			sourceTree = SOURCE_ROOT;
		};
/* End PBXGroup section */

/* Begin PBXNativeTarget section */
		D502A9252F4BB1ED00FB2A56 /* HeadingsMap */ = {
			isa = PBXNativeTarget;
			buildConfigurationList = D502A94F2F4BB1EE00FB2A56 /* Build configuration list for PBXNativeTarget "HeadingsMap" */;
			buildPhases = (
				D502A9222F4BB1ED00FB2A56 /* Sources */,
				D502A9232F4BB1ED00FB2A56 /* Frameworks */,
				D502A9242F4BB1ED00FB2A56 /* Resources */,
				D502A94E2F4BB1EE00FB2A56 /* Embed Foundation Extensions */,
			);
			buildRules = (
			);
			dependencies = (
				D502A9442F4BB1EE00FB2A56 /* PBXTargetDependency */,
			);
			name = HeadingsMap;
			packageProductDependencies = (
			);
			productName = HeadingsMap;
			productReference = D502A9262F4BB1ED00FB2A56 /* HeadingsMap.app */;
			productType = "com.apple.product-type.application";
		};
		D502A9402F4BB1EE00FB2A56 /* HeadingsMap Extension */ = {
			isa = PBXNativeTarget;
			buildConfigurationList = D502A94B2F4BB1EE00FB2A56 /* Build configuration list for PBXNativeTarget "HeadingsMap Extension" */;
			buildPhases = (
				D502A93D2F4BB1EE00FB2A56 /* Sources */,
				D502A93E2F4BB1EE00FB2A56 /* Frameworks */,
				D502A93F2F4BB1EE00FB2A56 /* Resources */,
			);
			buildRules = (
			);
			dependencies = (
			);
			name = "HeadingsMap Extension";
			packageProductDependencies = (
			);
			productName = "HeadingsMap Extension";
			productReference = D502A9412F4BB1EE00FB2A56 /* HeadingsMap Extension.appex */;
			productType = "com.apple.product-type.app-extension";
		};
/* End PBXNativeTarget section */

/* Begin PBXProject section */
		D502A91E2F4BB1ED00FB2A56 /* Project object */ = {
			isa = PBXProject;
			attributes = {
				BuildIndependentTargetsInParallel = 1;
				LastSwiftUpdateCheck = 2620;
				LastUpgradeCheck = 2620;
				TargetAttributes = {
					D502A9252F4BB1ED00FB2A56 = {
						CreatedOnToolsVersion = 26.2;
					};
					D502A9402F4BB1EE00FB2A56 = {
						CreatedOnToolsVersion = 26.2;
					};
				};
			};
			buildConfigurationList = D502A9212F4BB1ED00FB2A56 /* Build configuration list for PBXProject "HeadingsMap" */;
			developmentRegion = en;
			hasScannedForEncodings = 0;
			knownRegions = (
				en,
				Base,
			);
			mainGroup = D502A91D2F4BB1ED00FB2A56;
			minimizedProjectReferenceProxies = 1;
			preferredProjectObjectVersion = 77;
			productRefGroup = D502A9272F4BB1ED00FB2A56 /* Products */;
			projectDirPath = "";
			projectRoot = "";
			targets = (
				D502A9252F4BB1ED00FB2A56 /* HeadingsMap */,
				D502A9402F4BB1EE00FB2A56 /* HeadingsMap Extension */,
			);
		};
/* End PBXProject section */

/* Begin PBXResourcesBuildPhase section */
		D502A9242F4BB1ED00FB2A56 /* Resources */ = {
			isa = PBXResourcesBuildPhase;
			buildActionMask = 2147483647;
			files = (
				D502A9302F4BB1ED00FB2A56 /* Icon.png in Resources */,
				D502A9392F4BB1ED00FB2A56 /* Main.storyboard in Resources */,
				D502A9342F4BB1ED00FB2A56 /* Script.js in Resources */,
				D502A92E2F4BB1ED00FB2A56 /* Main.html in Resources */,
				D502A93B2F4BB1EE00FB2A56 /* Assets.xcassets in Resources */,
				D502A9322F4BB1ED00FB2A56 /* Style.css in Resources */,
			);
			runOnlyForDeploymentPostprocessing = 0;
		};
		D502A93F2F4BB1EE00FB2A56 /* Resources */ = {
			isa = PBXResourcesBuildPhase;
			buildActionMask = 2147483647;
			files = (
				D502A9612F4BB1FB00FB2A56 /* service-worker.js in Resources */,
				D502A9622F4BB1FB00FB2A56 /* content_scripts in Resources */,
				D502A9602F4BB1FB00FB2A56 /* _locales in Resources */,
				D502A95D2F4BB1FB00FB2A56 /* _metadata in Resources */,
				D502A95E2F4BB1FB00FB2A56 /* icons in Resources */,
				D502A95F2F4BB1FB00FB2A56 /* manifest.json in Resources */,
				D502A95B2F4BB1FB00FB2A56 /* css in Resources */,
				D502A95C2F4BB1FB00FB2A56 /* html in Resources */,
			);
			runOnlyForDeploymentPostprocessing = 0;
		};
/* End PBXResourcesBuildPhase section */

/* Begin PBXSourcesBuildPhase section */
		D502A9222F4BB1ED00FB2A56 /* Sources */ = {
			isa = PBXSourcesBuildPhase;
			buildActionMask = 2147483647;
			files = (
				D502A9362F4BB1ED00FB2A56 /* ViewController.swift in Sources */,
				D502A92A2F4BB1ED00FB2A56 /* AppDelegate.swift in Sources */,
			);
			runOnlyForDeploymentPostprocessing = 0;
		};
		D502A93D2F4BB1EE00FB2A56 /* Sources */ = {
			isa = PBXSourcesBuildPhase;
			buildActionMask = 2147483647;
			files = (
				D502A9472F4BB1EE00FB2A56 /* SafariWebExtensionHandler.swift in Sources */,
			);
			runOnlyForDeploymentPostprocessing = 0;
		};
/* End PBXSourcesBuildPhase section */

/* Begin PBXTargetDependency section */
		D502A9442F4BB1EE00FB2A56 /* PBXTargetDependency */ = {
			isa = PBXTargetDependency;
			target = D502A9402F4BB1EE00FB2A56 /* HeadingsMap Extension */;
			targetProxy = D502A9432F4BB1EE00FB2A56 /* PBXContainerItemProxy */;
		};
/* End PBXTargetDependency section */

/* Begin PBXVariantGroup section */
		D502A92C2F4BB1ED00FB2A56 /* Main.html */ = {
			isa = PBXVariantGroup;
			children = (
				D502A92D2F4BB1ED00FB2A56 /* Base */,
			);
			name = Main.html;
			sourceTree = "<group>";
		};
		D502A9372F4BB1ED00FB2A56 /* Main.storyboard */ = {
			isa = PBXVariantGroup;
			children = (
				D502A9382F4BB1ED00FB2A56 /* Base */,
			);
			name = Main.storyboard;
			sourceTree = "<group>";
		};
/* End PBXVariantGroup section */

/* Begin XCBuildConfiguration section */
		D502A9492F4BB1EE00FB2A56 /* Debug */ = {
			isa = XCBuildConfiguration;
			buildSettings = {
				ALWAYS_SEARCH_USER_PATHS = NO;
				ASSETCATALOG_COMPILER_GENERATE_SWIFT_ASSET_SYMBOL_EXTENSIONS = YES;
				CLANG_ANALYZER_NONNULL = YES;
				CLANG_ANALYZER_NUMBER_OBJECT_CONVERSION = YES_AGGRESSIVE;
				CLANG_CXX_LANGUAGE_STANDARD = "gnu++20";
				CLANG_ENABLE_MODULES = YES;
				CLANG_ENABLE_OBJC_ARC = YES;
				CLANG_ENABLE_OBJC_WEAK = YES;
				CLANG_WARN_BLOCK_CAPTURE_AUTORELEASING = YES;
				CLANG_WARN_BOOL_CONVERSION = YES;
				CLANG_WARN_COMMA = YES;
				CLANG_WARN_CONSTANT_CONVERSION = YES;
				CLANG_WARN_DEPRECATED_OBJC_IMPLEMENTATIONS = YES;
				CLANG_WARN_DIRECT_OBJC_ISA_USAGE = YES_ERROR;
				CLANG_WARN_DOCUMENTATION_COMMENTS = YES;
				CLANG_WARN_EMPTY_BODY = YES;
				CLANG_WARN_ENUM_CONVERSION = YES;
				CLANG_WARN_INFINITE_RECURSION = YES;
				CLANG_WARN_INT_CONVERSION = YES;
				CLANG_WARN_NON_LITERAL_NULL_CONVERSION = YES;
				CLANG_WARN_OBJC_IMPLICIT_RETAIN_SELF = YES;
				CLANG_WARN_OBJC_LITERAL_CONVERSION = YES;
				CLANG_WARN_OBJC_ROOT_CLASS = YES_ERROR;
				CLANG_WARN_QUOTED_INCLUDE_IN_FRAMEWORK_HEADER = YES;
				CLANG_WARN_RANGE_LOOP_ANALYSIS = YES;
				CLANG_WARN_STRICT_PROTOTYPES = YES;
				CLANG_WARN_SUSPICIOUS_MOVE = YES;
				CLANG_WARN_UNGUARDED_AVAILABILITY = YES_AGGRESSIVE;
				CLANG_WARN_UNREACHABLE_CODE = YES;
				CLANG_WARN__DUPLICATE_METHOD_MATCH = YES;
				COPY_PHASE_STRIP = NO;
				DEBUG_INFORMATION_FORMAT = dwarf;
				ENABLE_STRICT_OBJC_MSGSEND = YES;
				ENABLE_TESTABILITY = YES;
				ENABLE_USER_SCRIPT_SANDBOXING = YES;
				GCC_C_LANGUAGE_STANDARD = gnu17;
				GCC_DYNAMIC_NO_PIC = NO;
				GCC_NO_COMMON_BLOCKS = YES;
				GCC_OPTIMIZATION_LEVEL = 0;
				GCC_PREPROCESSOR_DEFINITIONS = (
					"DEBUG=1",
					"$(inherited)",
				);
				GCC_WARN_64_TO_32_BIT_CONVERSION = YES;
				GCC_WARN_ABOUT_RETURN_TYPE = YES_ERROR;
				GCC_WARN_UNDECLARED_SELECTOR = YES;
				GCC_WARN_UNINITIALIZED_AUTOS = YES_AGGRESSIVE;
				GCC_WARN_UNUSED_FUNCTION = YES;
				GCC_WARN_UNUSED_VARIABLE = YES;
				LOCALIZATION_PREFERS_STRING_CATALOGS = YES;
				MACOSX_DEPLOYMENT_TARGET = 26.2;
				MTL_ENABLE_DEBUG_INFO = INCLUDE_SOURCE;
				MTL_FAST_MATH = YES;
				ONLY_ACTIVE_ARCH = YES;
				SDKROOT = macosx;
				SWIFT_ACTIVE_COMPILATION_CONDITIONS = "DEBUG $(inherited)";
				SWIFT_OPTIMIZATION_LEVEL = "-Onone";
			};
			name = Debug;
		};
		D502A94A2F4BB1EE00FB2A56 /* Release */ = {
			isa = XCBuildConfiguration;
			buildSettings = {
				ALWAYS_SEARCH_USER_PATHS = NO;
				ASSETCATALOG_COMPILER_GENERATE_SWIFT_ASSET_SYMBOL_EXTENSIONS = YES;
				CLANG_ANALYZER_NONNULL = YES;
				CLANG_ANALYZER_NUMBER_OBJECT_CONVERSION = YES_AGGRESSIVE;
				CLANG_CXX_LANGUAGE_STANDARD = "gnu++20";
				CLANG_ENABLE_MODULES = YES;
				CLANG_ENABLE_OBJC_ARC = YES;
				CLANG_ENABLE_OBJC_WEAK = YES;
				CLANG_WARN_BLOCK_CAPTURE_AUTORELEASING = YES;
				CLANG_WARN_BOOL_CONVERSION = YES;
				CLANG_WARN_COMMA = YES;
				CLANG_WARN_CONSTANT_CONVERSION = YES;
				CLANG_WARN_DEPRECATED_OBJC_IMPLEMENTATIONS = YES;
				CLANG_WARN_DIRECT_OBJC_ISA_USAGE = YES_ERROR;
				CLANG_WARN_DOCUMENTATION_COMMENTS = YES;
				CLANG_WARN_EMPTY_BODY = YES;
				CLANG_WARN_ENUM_CONVERSION = YES;
				CLANG_WARN_INFINITE_RECURSION = YES;
				CLANG_WARN_INT_CONVERSION = YES;
				CLANG_WARN_NON_LITERAL_NULL_CONVERSION = YES;
				CLANG_WARN_OBJC_IMPLICIT_RETAIN_SELF = YES;
				CLANG_WARN_OBJC_LITERAL_CONVERSION = YES;
				CLANG_WARN_OBJC_ROOT_CLASS = YES_ERROR;
				CLANG_WARN_QUOTED_INCLUDE_IN_FRAMEWORK_HEADER = YES;
				CLANG_WARN_RANGE_LOOP_ANALYSIS = YES;
				CLANG_WARN_STRICT_PROTOTYPES = YES;
				CLANG_WARN_SUSPICIOUS_MOVE = YES;
				CLANG_WARN_UNGUARDED_AVAILABILITY = YES_AGGRESSIVE;
				CLANG_WARN_UNREACHABLE_CODE = YES;
				CLANG_WARN__DUPLICATE_METHOD_MATCH = YES;
				COPY_PHASE_STRIP = NO;
				DEBUG_INFORMATION_FORMAT = "dwarf-with-dsym";
				ENABLE_NS_ASSERTIONS = NO;
				ENABLE_STRICT_OBJC_MSGSEND = YES;
				ENABLE_USER_SCRIPT_SANDBOXING = YES;
				GCC_C_LANGUAGE_STANDARD = gnu17;
				GCC_NO_COMMON_BLOCKS = YES;
				GCC_WARN_64_TO_32_BIT_CONVERSION = YES;
				GCC_WARN_ABOUT_RETURN_TYPE = YES_ERROR;
				GCC_WARN_UNDECLARED_SELECTOR = YES;
				GCC_WARN_UNINITIALIZED_AUTOS = YES_AGGRESSIVE;
				GCC_WARN_UNUSED_FUNCTION = YES;
				GCC_WARN_UNUSED_VARIABLE = YES;
				LOCALIZATION_PREFERS_STRING_CATALOGS = YES;
				MACOSX_DEPLOYMENT_TARGET = 26.2;
				MTL_ENABLE_DEBUG_INFO = NO;
				MTL_FAST_MATH = YES;
				SDKROOT = macosx;
				SWIFT_COMPILATION_MODE = wholemodule;
			};
			name = Release;
		};
		D502A94C2F4BB1EE00FB2A56 /* Debug */ = {
			isa = XCBuildConfiguration;
			buildSettings = {
				CODE_SIGN_STYLE = Automatic;
				CURRENT_PROJECT_VERSION = 1;
				ENABLE_APP_SANDBOX = YES;
				ENABLE_HARDENED_RUNTIME = YES;
				ENABLE_USER_SELECTED_FILES = readonly;
				GENERATE_INFOPLIST_FILE = YES;
				INFOPLIST_FILE = "HeadingsMap Extension/Info.plist";
				INFOPLIST_KEY_CFBundleDisplayName = "HeadingsMap Extension";
				INFOPLIST_KEY_NSHumanReadableCopyright = "";
				LD_RUNPATH_SEARCH_PATHS = (
					"$(inherited)",
					"@executable_path/../Frameworks",
					"@executable_path/../../../../Frameworks",
				);
				MACOSX_DEPLOYMENT_TARGET = 10.14;
				MARKETING_VERSION = 1.0.0;
				OTHER_LDFLAGS = (
					"-framework",
					SafariServices,
				);
				PRODUCT_BUNDLE_IDENTIFIER = com.gerardkieffer.HeadingsChecker.Extension;
				PRODUCT_NAME = "$(TARGET_NAME)";
				SKIP_INSTALL = YES;
				STRING_CATALOG_GENERATE_SYMBOLS = YES;
				SWIFT_APPROACHABLE_CONCURRENCY = YES;
				SWIFT_EMIT_LOC_STRINGS = YES;
				SWIFT_UPCOMING_FEATURE_MEMBER_IMPORT_VISIBILITY = YES;
				SWIFT_VERSION = 5.0;
			};
			name = Debug;
		};
		D502A94D2F4BB1EE00FB2A56 /* Release */ = {
			isa = XCBuildConfiguration;
			buildSettings = {
				CODE_SIGN_STYLE = Automatic;
				CURRENT_PROJECT_VERSION = 1;
				ENABLE_APP_SANDBOX = YES;
				ENABLE_HARDENED_RUNTIME = YES;
				ENABLE_USER_SELECTED_FILES = readonly;
				GENERATE_INFOPLIST_FILE = YES;
				INFOPLIST_FILE = "HeadingsMap Extension/Info.plist";
				INFOPLIST_KEY_CFBundleDisplayName = "HeadingsMap Extension";
				INFOPLIST_KEY_NSHumanReadableCopyright = "";
				LD_RUNPATH_SEARCH_PATHS = (
					"$(inherited)",
					"@executable_path/../Frameworks",
					"@executable_path/../../../../Frameworks",
				);
				MACOSX_DEPLOYMENT_TARGET = 10.14;
				MARKETING_VERSION = 1.0.0;
				OTHER_LDFLAGS = (
					"-framework",
					SafariServices,
				);
				PRODUCT_BUNDLE_IDENTIFIER = com.gerardkieffer.HeadingsChecker.Extension;
				PRODUCT_NAME = "$(TARGET_NAME)";
				SKIP_INSTALL = YES;
				STRING_CATALOG_GENERATE_SYMBOLS = YES;
				SWIFT_APPROACHABLE_CONCURRENCY = YES;
				SWIFT_EMIT_LOC_STRINGS = YES;
				SWIFT_UPCOMING_FEATURE_MEMBER_IMPORT_VISIBILITY = YES;
				SWIFT_VERSION = 5.0;
			};
			name = Release;
		};
		D502A9502F4BB1EE00FB2A56 /* Debug */ = {
			isa = XCBuildConfiguration;
			buildSettings = {
				ASSETCATALOG_COMPILER_APPICON_NAME = AppIcon;
				ASSETCATALOG_COMPILER_GLOBAL_ACCENT_COLOR_NAME = AccentColor;
				CODE_SIGN_STYLE = Automatic;
				COMBINE_HIDPI_IMAGES = YES;
				CURRENT_PROJECT_VERSION = 1;
				ENABLE_APP_SANDBOX = YES;
				ENABLE_HARDENED_RUNTIME = YES;
				ENABLE_OUTGOING_NETWORK_CONNECTIONS = YES;
				ENABLE_USER_SELECTED_FILES = readonly;
				GENERATE_INFOPLIST_FILE = YES;
				INFOPLIST_FILE = HeadingsMap/Info.plist;
				INFOPLIST_KEY_CFBundleDisplayName = HeadingsMap;
				INFOPLIST_KEY_NSHumanReadableCopyright = "";
				INFOPLIST_KEY_NSMainStoryboardFile = Main;
				INFOPLIST_KEY_NSPrincipalClass = NSApplication;
				LD_RUNPATH_SEARCH_PATHS = (
					"$(inherited)",
					"@executable_path/../Frameworks",
				);
				MARKETING_VERSION = 1.0.0;
				OTHER_LDFLAGS = (
					"-framework",
					SafariServices,
					"-framework",
					WebKit,
				);
				PRODUCT_BUNDLE_IDENTIFIER = com.gerardkieffer.HeadingsChecker;
				PRODUCT_NAME = "$(TARGET_NAME)";
				REGISTER_APP_GROUPS = YES;
				STRING_CATALOG_GENERATE_SYMBOLS = YES;
				SWIFT_APPROACHABLE_CONCURRENCY = YES;
				SWIFT_DEFAULT_ACTOR_ISOLATION = MainActor;
				SWIFT_EMIT_LOC_STRINGS = YES;
				SWIFT_UPCOMING_FEATURE_MEMBER_IMPORT_VISIBILITY = YES;
				SWIFT_VERSION = 5.0;
			};
			name = Debug;
		};
		D502A9512F4BB1EE00FB2A56 /* Release */ = {
			isa = XCBuildConfiguration;
			buildSettings = {
				ASSETCATALOG_COMPILER_APPICON_NAME = AppIcon;
				ASSETCATALOG_COMPILER_GLOBAL_ACCENT_COLOR_NAME = AccentColor;
				CODE_SIGN_STYLE = Automatic;
				COMBINE_HIDPI_IMAGES = YES;
				CURRENT_PROJECT_VERSION = 1;
				ENABLE_APP_SANDBOX = YES;
				ENABLE_HARDENED_RUNTIME = YES;
				ENABLE_OUTGOING_NETWORK_CONNECTIONS = YES;
				ENABLE_USER_SELECTED_FILES = readonly;
				GENERATE_INFOPLIST_FILE = YES;
				INFOPLIST_FILE = HeadingsMap/Info.plist;
				INFOPLIST_KEY_CFBundleDisplayName = HeadingsMap;
				INFOPLIST_KEY_NSHumanReadableCopyright = "";
				INFOPLIST_KEY_NSMainStoryboardFile = Main;
				INFOPLIST_KEY_NSPrincipalClass = NSApplication;
				LD_RUNPATH_SEARCH_PATHS = (
					"$(inherited)",
					"@executable_path/../Frameworks",
				);
				MARKETING_VERSION = 1.0.0;
				OTHER_LDFLAGS = (
					"-framework",
					SafariServices,
					"-framework",
					WebKit,
				);
				PRODUCT_BUNDLE_IDENTIFIER = com.gerardkieffer.HeadingsChecker;
				PRODUCT_NAME = "$(TARGET_NAME)";
				REGISTER_APP_GROUPS = YES;
				STRING_CATALOG_GENERATE_SYMBOLS = YES;
				SWIFT_APPROACHABLE_CONCURRENCY = YES;
				SWIFT_DEFAULT_ACTOR_ISOLATION = MainActor;
				SWIFT_EMIT_LOC_STRINGS = YES;
				SWIFT_UPCOMING_FEATURE_MEMBER_IMPORT_VISIBILITY = YES;
				SWIFT_VERSION = 5.0;
			};
			name = Release;
		};
/* End XCBuildConfiguration section */

/* Begin XCConfigurationList section */
		D502A9212F4BB1ED00FB2A56 /* Build configuration list for PBXProject "HeadingsMap" */ = {
			isa = XCConfigurationList;
			buildConfigurations = (
				D502A9492F4BB1EE00FB2A56 /* Debug */,
				D502A94A2F4BB1EE00FB2A56 /* Release */,
			);
			defaultConfigurationIsVisible = 0;
			defaultConfigurationName = Release;
		};
		D502A94B2F4BB1EE00FB2A56 /* Build configuration list for PBXNativeTarget "HeadingsMap Extension" */ = {
			isa = XCConfigurationList;
			buildConfigurations = (
				D502A94C2F4BB1EE00FB2A56 /* Debug */,
				D502A94D2F4BB1EE00FB2A56 /* Release */,
			);
			defaultConfigurationIsVisible = 0;
			defaultConfigurationName = Release;
		};
		D502A94F2F4BB1EE00FB2A56 /* Build configuration list for PBXNativeTarget "HeadingsMap" */ = {
			isa = XCConfigurationList;
			buildConfigurations = (
				D502A9502F4BB1EE00FB2A56 /* Debug */,
				D502A9512F4BB1EE00FB2A56 /* Release */,
			);
			defaultConfigurationIsVisible = 0;
			defaultConfigurationName = Release;
		};
/* End XCConfigurationList section */
	};
	rootObject = D502A91E2F4BB1ED00FB2A56 /* Project object */;
}
